
Microsoft Visual Studio Solution File, Format Version 12.00
# Visual Studio 14
VisualStudioVersion = 14.0.25420.1
MinimumVisualStudioVersion = 10.0.40219.1
Project("{FAE04EC0-301F-11D3-BF4B-00C04F79EFBC}") = "CaracasFruits", "CaracasFruits\CaracasFruits.csproj", "{9A4104BB-8B5C-4CB2-A0CE-F6531EB9AC45}"
EndProject
Project("{FAE04EC0-301F-11D3-BF4B-00C04F79EFBC}") = "DAL", "DAL\DAL.csproj", "{28A92785-D3AC-4C4D-AF96-39ACB357BE60}"
EndProject
Global
	GlobalSection(SolutionConfigurationPlatforms) = preSolution
		Debug|Any CPU = Debug|Any CPU
		Release|Any CPU = Release|Any CPU
	EndGlobalSection
	GlobalSection(ProjectConfigurationPlatforms) = postSolution
		{9A4104BB-8B5C-4CB2-A0CE-F6531EB9AC45}.Debug|Any CPU.ActiveCfg = Debug|Any CPU
		{9A4104BB-8B5C-4CB2-A0CE-F6531EB9AC45}.Debug|Any CPU.Build.0 = Debug|Any CPU
		{9A4104BB-8B5C-4CB2-A0CE-F6531EB9AC45}.Release|Any CPU.ActiveCfg = Release|Any CPU
		{9A4104BB-8B5C-4CB2-A0CE-F6531EB9AC45}.Release|Any CPU.Build.0 = Release|Any CPU
		{28A92785-D3AC-4C4D-AF96-39ACB357BE60}.Debug|Any CPU.ActiveCfg = Debug|Any CPU
		{28A92785-D3AC-4C4D-AF96-39ACB357BE60}.Debug|Any CPU.Build.0 = Debug|Any CPU
		{28A92785-D3AC-4C4D-AF96-39ACB357BE60}.Release|Any CPU.ActiveCfg = Release|Any CPU
		{28A92785-D3AC-4C4D-AF96-39ACB357BE60}.Release|Any CPU.Build.0 = Release|Any CPU
	EndGlobalSection
	GlobalSection(SolutionProperties) = preSolution
		HideSolutionNode = FALSE
	EndGlobalSection
EndGlobal
